
Microsoft Visual Studio Solution File, Format Version 12.00
# Visual Studio Version 17
VisualStudioVersion = 17.7.34202.233
MinimumVisualStudioVersion = 10.0.40219.1
Project("{F184B08F-C81C-45F6-A57F-5ABD9991F28F}") = "ReviewScreenSaver", "ReviewScreenSaver\ReviewScreenSaver.vbproj", "{804DDEB4-A0D0-4343-A900-E8D787D1AD89}"
EndProject
Global
	GlobalSection(SolutionConfigurationPlatforms) = preSolution
		Debug|Any CPU = Debug|Any CPU
		Release|Any CPU = Release|Any CPU
	EndGlobalSection
	GlobalSection(ProjectConfigurationPlatforms) = postSolution
		{804DDEB4-A0D0-4343-A900-E8D787D1AD89}.Debug|Any CPU.ActiveCfg = Debug|Any CPU
		{804DDEB4-A0D0-4343-A900-E8D787D1AD89}.Debug|Any CPU.Build.0 = Debug|Any CPU
		{804DDEB4-A0D0-4343-A900-E8D787D1AD89}.Release|Any CPU.ActiveCfg = Release|Any CPU
		{804DDEB4-A0D0-4343-A900-E8D787D1AD89}.Release|Any CPU.Build.0 = Release|Any CPU
	EndGlobalSection
	GlobalSection(SolutionProperties) = preSolution
		HideSolutionNode = FALSE
	EndGlobalSection
	GlobalSection(ExtensibilityGlobals) = postSolution
		SolutionGuid = {F5A46737-DCB2-4643-B4DF-79682D062B6A}
	EndGlobalSection
EndGlobal
