
Microsoft Visual Studio Solution File, Format Version 12.00
# Visual Studio Version 17
VisualStudioVersion = 17.7.34009.444
MinimumVisualStudioVersion = 10.0.40219.1
Project("{F184B08F-C81C-45F6-A57F-5ABD9991F28F}") = "ShapesFormulas", "ShapesFormulas\ShapesFormulas.vbproj", "{8E2FEE40-39F0-4C38-B5EF-EAA4E10CF809}"
EndProject
Global
	GlobalSection(SolutionConfigurationPlatforms) = preSolution
		Debug|Any CPU = Debug|Any CPU
		Release|Any CPU = Release|Any CPU
	EndGlobalSection
	GlobalSection(ProjectConfigurationPlatforms) = postSolution
		{8E2FEE40-39F0-4C38-B5EF-EAA4E10CF809}.Debug|Any CPU.ActiveCfg = Debug|Any CPU
		{8E2FEE40-39F0-4C38-B5EF-EAA4E10CF809}.Debug|Any CPU.Build.0 = Debug|Any CPU
		{8E2FEE40-39F0-4C38-B5EF-EAA4E10CF809}.Release|Any CPU.ActiveCfg = Release|Any CPU
		{8E2FEE40-39F0-4C38-B5EF-EAA4E10CF809}.Release|Any CPU.Build.0 = Release|Any CPU
	EndGlobalSection
	GlobalSection(SolutionProperties) = preSolution
		HideSolutionNode = FALSE
	EndGlobalSection
	GlobalSection(ExtensibilityGlobals) = postSolution
		SolutionGuid = {E960507E-2B68-407D-B5ED-280D92ADE0FC}
	EndGlobalSection
EndGlobal
